{
  "name": "classifieds-app",
  "version": "1.0.0",
  "lockfileVersion": 1,
  "requires": true,
  "dependencies": {
    "angular": {
      "version": "1.4.8",
      "resolved": "http://registry.npmjs.org/angular/-/angular-1.4.8.tgz",
      "integrity": "sha1-9Fc9UBnSHr9EprXCihT72dWWdEk="
    },
    "angular-animate": {
      "version": "1.4.8",
      "resolved": "http://registry.npmjs.org/angular-animate/-/angular-animate-1.4.8.tgz",
      "integrity": "sha1-LDiKBm0WZ3rsvrvdryeiF/cAKlc="
    },
    "angular-aria": {
      "version": "1.4.8",
      "resolved": "http://registry.npmjs.org/angular-aria/-/angular-aria-1.4.8.tgz",
      "integrity": "sha1-3ep2itMLWPh15RgRQaf/qc0QDo4="
    },
    "angular-material": {
      "version": "1.1.10",
      "resolved": "https://registry.npmjs.org/angular-material/-/angular-material-1.1.10.tgz",
      "integrity": "sha512-LfBt5a1AVPbtsFzbmAyyZj90Gtc1U94OGtfMEauGzwsfqTnbH/y/9dtndH84N9S65wXkBoBe3VG6kfyoQSeCVw=="
    },
    "mdi": {
      "version": "2.2.43",
      "resolved": "https://registry.npmjs.org/mdi/-/mdi-2.2.43.tgz",
      "integrity": "sha512-g3m6z4303qieltUM20JL2gdsJZvoVzIzO74qa2XxZ2kg9JPwrPEAgooVhRDHZi1vvRh0gB8Dg+c9XqNdz4jcIg=="
    }
  }
}
